github.com/gomarkdown/markdown v0.0.0-20240730141124-034f12af3bf6 h1:ZPy+2XJ8u0bB3sNFi+I72gMEMS7MTg7aZCCXPOjV8iw=
github.com/gomarkdown/markdown v0.0.0-20240730141124-034f12af3bf6/go.mod h1:JDGcbDT52eL4fju3sZ4TeHGsQwhG9nbDV21aMyhwPoA=
github.com/google/go-cmp v0.5.2/go.mod h1:v8dTdLbMG2kIc/vJvl+f65V22dbkXbowE6jgT/gNBxE=
github.com/google/go-cmp v0.6.0 h1:ofyhxvXcZhMsU5ulbFiLKl/XBFqE1GSq7atu8tAmTRI=
github.com/google/go-cmp v0.6.0/go.mod h1:17dUlkBOakJ0+DkrSSNjCkIjxS6bF9zb3elmeNGIjoY=
github.com/google/go-github/v63 v63.0.0 h1:13xwK/wk9alSokujB9lJkuzdmQuVn2QCPeck76wR3nE=
github.com/google/go-github/v63 v63.0.0/go.mod h1:IqbcrgUmIcEaioWrGYei/09o+ge5vhffGOcxrO0AfmA=
github.com/google/go-querystring v1.1.0 h1:AnCroh3fv4ZBgVIf1Iwtovgjaw/GiKJo8M8yD/fhyJ8=
github.com/google/go-querystring v1.1.0/go.mod h1:Kcdr2DB4koayq7X8pmAG4sNG59So17icRSOU623lUBU=
github.com/gosimple/slug v1.14.0 h1:RtTL/71mJNDfpUbCOmnf/XFkzKRtD6wL6Uy+3akm4Es=
github.com/gosimple/slug v1.14.0/go.mod h1:UiRaFH+GEilHstLUmcBgWcI42viBN7mAb818JrYOeFQ=
github.com/gosimple/unidecode v1.0.1 h1:hZzFTMMqSswvf0LBJZCZgThIZrpDHFXux9KeGmn6T/o=
github.com/gosimple/unidecode v1.0.1/go.mod h1:CP0Cr1Y1kogOtx0bJblKzsVWrqYaqfNOnHzpgWw4Awc=
golang.org/x/xerrors v0.0.0-20191204190536-9bdfabe68543/go.mod h1:I/5z698sn9Ka8TeJc9MKroUUfqBBauWjQqLJ2OPfmY0=
